// !$*UTF8*$!
{
	archiveVersion = 1;
	classes = {
	};
	objectVersion = 55;
	objects = {

/* Begin PBXBuildFile section */
		1561A065280FA4CD007FA626 /* AppDelegate.swift in Sources */ = {isa = PBXBuildFile; fileRef = 1561A064280FA4CD007FA626 /* AppDelegate.swift */; };
		1561A067280FA4CD007FA626 /* SceneDelegate.swift in Sources */ = {isa = PBXBuildFile; fileRef = 1561A066280FA4CD007FA626 /* SceneDelegate.swift */; };
		1561A069280FA4CD007FA626 /* ViewController.swift in Sources */ = {isa = PBXBuildFile; fileRef = 1561A068280FA4CD007FA626 /* ViewController.swift */; };
		1561A06C280FA4CD007FA626 /* Main.storyboard in Resources */ = {isa = PBXBuildFile; fileRef = 1561A06A280FA4CD007FA626 /* Main.storyboard */; };
		1561A06E280FA4CE007FA626 /* Assets.xcassets in Resources */ = {isa = PBXBuildFile; fileRef = 1561A06D280FA4CE007FA626 /* Assets.xcassets */; };
		1561A071280FA4CE007FA626 /* LaunchScreen.storyboard in Resources */ = {isa = PBXBuildFile; fileRef = 1561A06F280FA4CE007FA626 /* LaunchScreen.storyboard */; };
		1561A079280FADC8007FA626 /* DataSource.swift in Sources */ = {isa = PBXBuildFile; fileRef = 1561A078280FADC8007FA626 /* DataSource.swift */; };
		15EE006D28191C6400E4582A /* Player.swift in Sources */ = {isa = PBXBuildFile; fileRef = 15EE006C28191C6400E4582A /* Player.swift */; };
		15EE00712819410800E4582A /* TableViewCell.swift in Sources */ = {isa = PBXBuildFile; fileRef = 15EE00702819410800E4582A /* TableViewCell.swift */; };
		15EE0073281949D700E4582A /* HistoryViewController.swift in Sources */ = {isa = PBXBuildFile; fileRef = 15EE0072281949D700E4582A /* HistoryViewController.swift */; };
/* End PBXBuildFile section */

/* Begin PBXFileReference section */
		1561A061280FA4CD007FA626 /* lifecontour.app */ = {isa = PBXFileReference; explicitFileType = wrapper.application; includeInIndex = 0; path = lifecontour.app; sourceTree = BUILT_PRODUCTS_DIR; };
		1561A064280FA4CD007FA626 /* AppDelegate.swift */ = {isa = PBXFileReference; lastKnownFileType = sourcecode.swift; path = AppDelegate.swift; sourceTree = "<group>"; };
		1561A066280FA4CD007FA626 /* SceneDelegate.swift */ = {isa = PBXFileReference; lastKnownFileType = sourcecode.swift; path = SceneDelegate.swift; sourceTree = "<group>"; };
		1561A068280FA4CD007FA626 /* ViewController.swift */ = {isa = PBXFileReference; lastKnownFileType = sourcecode.swift; path = ViewController.swift; sourceTree = "<group>"; };
		1561A06B280FA4CD007FA626 /* Base */ = {isa = PBXFileReference; lastKnownFileType = file.storyboard; name = Base; path = Base.lproj/Main.storyboard; sourceTree = "<group>"; };
		1561A06D280FA4CE007FA626 /* Assets.xcassets */ = {isa = PBXFileReference; lastKnownFileType = folder.assetcatalog; path = Assets.xcassets; sourceTree = "<group>"; };
		1561A070280FA4CE007FA626 /* Base */ = {isa = PBXFileReference; lastKnownFileType = file.storyboard; name = Base; path = Base.lproj/LaunchScreen.storyboard; sourceTree = "<group>"; };
		1561A072280FA4CE007FA626 /* Info.plist */ = {isa = PBXFileReference; lastKnownFileType = text.plist.xml; path = Info.plist; sourceTree = "<group>"; };
		1561A078280FADC8007FA626 /* DataSource.swift */ = {isa = PBXFileReference; lastKnownFileType = sourcecode.swift; path = DataSource.swift; sourceTree = "<group>"; };
		15EE006C28191C6400E4582A /* Player.swift */ = {isa = PBXFileReference; lastKnownFileType = sourcecode.swift; path = Player.swift; sourceTree = "<group>"; };
		15EE00702819410800E4582A /* TableViewCell.swift */ = {isa = PBXFileReference; lastKnownFileType = sourcecode.swift; name = TableViewCell.swift; path = ../TableViewCell.swift; sourceTree = "<group>"; };
		15EE0072281949D700E4582A /* HistoryViewController.swift */ = {isa = PBXFileReference; lastKnownFileType = sourcecode.swift; path = HistoryViewController.swift; sourceTree = "<group>"; };
/* End PBXFileReference section */

/* Begin PBXFrameworksBuildPhase section */
		1561A05E280FA4CD007FA626 /* Frameworks */ = {
			isa = PBXFrameworksBuildPhase;
			buildActionMask = 2147483647;
			files = (
			);
			runOnlyForDeploymentPostprocessing = 0;
		};
/* End PBXFrameworksBuildPhase section */

/* Begin PBXGroup section */
		1561A058280FA4CD007FA626 = {
			isa = PBXGroup;
			children = (
				1561A063280FA4CD007FA626 /* lifecontour */,
				1561A062280FA4CD007FA626 /* Products */,
			);
			sourceTree = "<group>";
		};
		1561A062280FA4CD007FA626 /* Products */ = {
			isa = PBXGroup;
			children = (
				1561A061280FA4CD007FA626 /* lifecontour.app */,
			);
			name = Products;
			sourceTree = "<group>";
		};
		1561A063280FA4CD007FA626 /* lifecontour */ = {
			isa = PBXGroup;
			children = (
				1561A064280FA4CD007FA626 /* AppDelegate.swift */,
				1561A066280FA4CD007FA626 /* SceneDelegate.swift */,
				1561A068280FA4CD007FA626 /* ViewController.swift */,
				1561A078280FADC8007FA626 /* DataSource.swift */,
				1561A06A280FA4CD007FA626 /* Main.storyboard */,
				1561A06D280FA4CE007FA626 /* Assets.xcassets */,
				1561A06F280FA4CE007FA626 /* LaunchScreen.storyboard */,
				1561A072280FA4CE007FA626 /* Info.plist */,
				15EE006C28191C6400E4582A /* Player.swift */,
				15EE00702819410800E4582A /* TableViewCell.swift */,
				15EE0072281949D700E4582A /* HistoryViewController.swift */,
			);
			path = lifecontour;
			sourceTree = "<group>";
		};
/* End PBXGroup section */

/* Begin PBXNativeTarget section */
		1561A060280FA4CD007FA626 /* lifecontour */ = {
			isa = PBXNativeTarget;
			buildConfigurationList = 1561A075280FA4CE007FA626 /* Build configuration list for PBXNativeTarget "lifecontour" */;
			buildPhases = (
				1561A05D280FA4CD007FA626 /* Sources */,
				1561A05E280FA4CD007FA626 /* Frameworks */,
				1561A05F280FA4CD007FA626 /* Resources */,
			);
			buildRules = (
			);
			dependencies = (
			);
			name = lifecontour;
			productName = LifeContour;
			productReference = 1561A061280FA4CD007FA626 /* lifecontour.app */;
			productType = "com.apple.product-type.application";
		};
/* End PBXNativeTarget section */

/* Begin PBXProject section */
		1561A059280FA4CD007FA626 /* Project object */ = {
			isa = PBXProject;
			attributes = {
				BuildIndependentTargetsInParallel = 1;
				LastSwiftUpdateCheck = 1330;
				LastUpgradeCheck = 1330;
				TargetAttributes = {
					1561A060280FA4CD007FA626 = {
						CreatedOnToolsVersion = 13.3;
					};
				};
			};
			buildConfigurationList = 1561A05C280FA4CD007FA626 /* Build configuration list for PBXProject "lifecontour" */;
			compatibilityVersion = "Xcode 13.0";
			developmentRegion = en;
			hasScannedForEncodings = 0;
			knownRegions = (
				en,
				Base,
			);
			mainGroup = 1561A058280FA4CD007FA626;
			productRefGroup = 1561A062280FA4CD007FA626 /* Products */;
			projectDirPath = "";
			projectRoot = "";
			targets = (
				1561A060280FA4CD007FA626 /* lifecontour */,
			);
		};
/* End PBXProject section */

/* Begin PBXResourcesBuildPhase section */
		1561A05F280FA4CD007FA626 /* Resources */ = {
			isa = PBXResourcesBuildPhase;
			buildActionMask = 2147483647;
			files = (
				1561A071280FA4CE007FA626 /* LaunchScreen.storyboard in Resources */,
				1561A06E280FA4CE007FA626 /* Assets.xcassets in Resources */,
				1561A06C280FA4CD007FA626 /* Main.storyboard in Resources */,
			);
			runOnlyForDeploymentPostprocessing = 0;
		};
/* End PBXResourcesBuildPhase section */

/* Begin PBXSourcesBuildPhase section */
		1561A05D280FA4CD007FA626 /* Sources */ = {
			isa = PBXSourcesBuildPhase;
			buildActionMask = 2147483647;
			files = (
				1561A069280FA4CD007FA626 /* ViewController.swift in Sources */,
				1561A065280FA4CD007FA626 /* AppDelegate.swift in Sources */,
				15EE00712819410800E4582A /* TableViewCell.swift in Sources */,
				1561A079280FADC8007FA626 /* DataSource.swift in Sources */,
				15EE006D28191C6400E4582A /* Player.swift in Sources */,
				1561A067280FA4CD007FA626 /* SceneDelegate.swift in Sources */,
				15EE0073281949D700E4582A /* HistoryViewController.swift in Sources */,
			);
			runOnlyForDeploymentPostprocessing = 0;
		};
/* End PBXSourcesBuildPhase section */

/* Begin PBXVariantGroup section */
		1561A06A280FA4CD007FA626 /* Main.storyboard */ = {
			isa = PBXVariantGroup;
			children = (
				1561A06B280FA4CD007FA626 /* Base */,
			);
			name = Main.storyboard;
			sourceTree = "<group>";
		};
		1561A06F280FA4CE007FA626 /* LaunchScreen.storyboard */ = {
			isa = PBXVariantGroup;
			children = (
				1561A070280FA4CE007FA626 /* Base */,
			);
			name = LaunchScreen.storyboard;
			sourceTree = "<group>";
		};
/* End PBXVariantGroup section */

/* Begin XCBuildConfiguration section */
		1561A073280FA4CE007FA626 /* Debug */ = {
			isa = XCBuildConfiguration;
			buildSettings = {
				ALWAYS_SEARCH_USER_PATHS = NO;
				CLANG_ANALYZER_NONNULL = YES;
				CLANG_ANALYZER_NUMBER_OBJECT_CONVERSION = YES_AGGRESSIVE;
				CLANG_CXX_LANGUAGE_STANDARD = "gnu++17";
				CLANG_ENABLE_MODULES = YES;
				CLANG_ENABLE_OBJC_ARC = YES;
				CLANG_ENABLE_OBJC_WEAK = YES;
				CLANG_WARN_BLOCK_CAPTURE_AUTORELEASING = YES;
				CLANG_WARN_BOOL_CONVERSION = YES;
				CLANG_WARN_COMMA = YES;
				CLANG_WARN_CONSTANT_CONVERSION = YES;
				CLANG_WARN_DEPRECATED_OBJC_IMPLEMENTATIONS = YES;
				CLANG_WARN_DIRECT_OBJC_ISA_USAGE = YES_ERROR;
				CLANG_WARN_DOCUMENTATION_COMMENTS = YES;
				CLANG_WARN_EMPTY_BODY = YES;
				CLANG_WARN_ENUM_CONVERSION = YES;
				CLANG_WARN_INFINITE_RECURSION = YES;
				CLANG_WARN_INT_CONVERSION = YES;
				CLANG_WARN_NON_LITERAL_NULL_CONVERSION = YES;
				CLANG_WARN_OBJC_IMPLICIT_RETAIN_SELF = YES;
				CLANG_WARN_OBJC_LITERAL_CONVERSION = YES;
				CLANG_WARN_OBJC_ROOT_CLASS = YES_ERROR;
				CLANG_WARN_QUOTED_INCLUDE_IN_FRAMEWORK_HEADER = YES;
				CLANG_WARN_RANGE_LOOP_ANALYSIS = YES;
				CLANG_WARN_STRICT_PROTOTYPES = YES;
				CLANG_WARN_SUSPICIOUS_MOVE = YES;
				CLANG_WARN_UNGUARDED_AVAILABILITY = YES_AGGRESSIVE;
				CLANG_WARN_UNREACHABLE_CODE = YES;
				CLANG_WARN__DUPLICATE_METHOD_MATCH = YES;
				COPY_PHASE_STRIP = NO;
				DEBUG_INFORMATION_FORMAT = dwarf;
				ENABLE_STRICT_OBJC_MSGSEND = YES;
				ENABLE_TESTABILITY = YES;
				GCC_C_LANGUAGE_STANDARD = gnu11;
				GCC_DYNAMIC_NO_PIC = NO;
				GCC_NO_COMMON_BLOCKS = YES;
				GCC_OPTIMIZATION_LEVEL = 0;
				GCC_PREPROCESSOR_DEFINITIONS = (
					"DEBUG=1",
					"$(inherited)",
				);
				GCC_WARN_64_TO_32_BIT_CONVERSION = YES;
				GCC_WARN_ABOUT_RETURN_TYPE = YES_ERROR;
				GCC_WARN_UNDECLARED_SELECTOR = YES;
				GCC_WARN_UNINITIALIZED_AUTOS = YES_AGGRESSIVE;
				GCC_WARN_UNUSED_FUNCTION = YES;
				GCC_WARN_UNUSED_VARIABLE = YES;
				IPHONEOS_DEPLOYMENT_TARGET = 15.4;
				MTL_ENABLE_DEBUG_INFO = INCLUDE_SOURCE;
				MTL_FAST_MATH = YES;
				ONLY_ACTIVE_ARCH = YES;
				SDKROOT = iphoneos;
				SWIFT_ACTIVE_COMPILATION_CONDITIONS = DEBUG;
				SWIFT_OPTIMIZATION_LEVEL = "-Onone";
			};
			name = Debug;
		};
		1561A074280FA4CE007FA626 /* Release */ = {
			isa = XCBuildConfiguration;
			buildSettings = {
				ALWAYS_SEARCH_USER_PATHS = NO;
				CLANG_ANALYZER_NONNULL = YES;
				CLANG_ANALYZER_NUMBER_OBJECT_CONVERSION = YES_AGGRESSIVE;
				CLANG_CXX_LANGUAGE_STANDARD = "gnu++17";
				CLANG_ENABLE_MODULES = YES;
				CLANG_ENABLE_OBJC_ARC = YES;
				CLANG_ENABLE_OBJC_WEAK = YES;
				CLANG_WARN_BLOCK_CAPTURE_AUTORELEASING = YES;
				CLANG_WARN_BOOL_CONVERSION = YES;
				CLANG_WARN_COMMA = YES;
				CLANG_WARN_CONSTANT_CONVERSION = YES;
				CLANG_WARN_DEPRECATED_OBJC_IMPLEMENTATIONS = YES;
				CLANG_WARN_DIRECT_OBJC_ISA_USAGE = YES_ERROR;
				CLANG_WARN_DOCUMENTATION_COMMENTS = YES;
				CLANG_WARN_EMPTY_BODY = YES;
				CLANG_WARN_ENUM_CONVERSION = YES;
				CLANG_WARN_INFINITE_RECURSION = YES;
				CLANG_WARN_INT_CONVERSION = YES;
				CLANG_WARN_NON_LITERAL_NULL_CONVERSION = YES;
				CLANG_WARN_OBJC_IMPLICIT_RETAIN_SELF = YES;
				CLANG_WARN_OBJC_LITERAL_CONVERSION = YES;
				CLANG_WARN_OBJC_ROOT_CLASS = YES_ERROR;
				CLANG_WARN_QUOTED_INCLUDE_IN_FRAMEWORK_HEADER = YES;
				CLANG_WARN_RANGE_LOOP_ANALYSIS = YES;
				CLANG_WARN_STRICT_PROTOTYPES = YES;
				CLANG_WARN_SUSPICIOUS_MOVE = YES;
				CLANG_WARN_UNGUARDED_AVAILABILITY = YES_AGGRESSIVE;
				CLANG_WARN_UNREACHABLE_CODE = YES;
				CLANG_WARN__DUPLICATE_METHOD_MATCH = YES;
				COPY_PHASE_STRIP = NO;
				DEBUG_INFORMATION_FORMAT = "dwarf-with-dsym";
				ENABLE_NS_ASSERTIONS = NO;
				ENABLE_STRICT_OBJC_MSGSEND = YES;
				GCC_C_LANGUAGE_STANDARD = gnu11;
				GCC_NO_COMMON_BLOCKS = YES;
				GCC_WARN_64_TO_32_BIT_CONVERSION = YES;
				GCC_WARN_ABOUT_RETURN_TYPE = YES_ERROR;
				GCC_WARN_UNDECLARED_SELECTOR = YES;
				GCC_WARN_UNINITIALIZED_AUTOS = YES_AGGRESSIVE;
				GCC_WARN_UNUSED_FUNCTION = YES;
				GCC_WARN_UNUSED_VARIABLE = YES;
				IPHONEOS_DEPLOYMENT_TARGET = 15.4;
				MTL_ENABLE_DEBUG_INFO = NO;
				MTL_FAST_MATH = YES;
				SDKROOT = iphoneos;
				SWIFT_COMPILATION_MODE = wholemodule;
				SWIFT_OPTIMIZATION_LEVEL = "-O";
				VALIDATE_PRODUCT = YES;
			};
			name = Release;
		};
		1561A076280FA4CE007FA626 /* Debug */ = {
			isa = XCBuildConfiguration;
			buildSettings = {
				ASSETCATALOG_COMPILER_APPICON_NAME = AppIcon;
				ASSETCATALOG_COMPILER_GLOBAL_ACCENT_COLOR_NAME = AccentColor;
				CODE_SIGN_STYLE = Automatic;
				CURRENT_PROJECT_VERSION = 1;
				DEVELOPMENT_TEAM = X68SSV5C7D;
				GENERATE_INFOPLIST_FILE = YES;
				INFOPLIST_FILE = LifeContour/Info.plist;
				INFOPLIST_KEY_UIApplicationSupportsIndirectInputEvents = YES;
				INFOPLIST_KEY_UILaunchStoryboardName = LaunchScreen;
				INFOPLIST_KEY_UIMainStoryboardFile = Main;
				INFOPLIST_KEY_UISupportedInterfaceOrientations_iPad = "UIInterfaceOrientationPortrait UIInterfaceOrientationPortraitUpsideDown UIInterfaceOrientationLandscapeLeft UIInterfaceOrientationLandscapeRight";
				INFOPLIST_KEY_UISupportedInterfaceOrientations_iPhone = "UIInterfaceOrientationPortrait UIInterfaceOrientationLandscapeLeft UIInterfaceOrientationLandscapeRight";
				LD_RUNPATH_SEARCH_PATHS = (
					"$(inherited)",
					"@executable_path/Frameworks",
				);
				MARKETING_VERSION = 1.0;
				PRODUCT_BUNDLE_IDENTIFIER = "Lesi-Li.lifecontour";
				PRODUCT_NAME = "$(TARGET_NAME)";
				SWIFT_EMIT_LOC_STRINGS = YES;
				SWIFT_VERSION = 5.0;
				TARGETED_DEVICE_FAMILY = "1,2";
			};
			name = Debug;
		};
		1561A077280FA4CE007FA626 /* Release */ = {
			isa = XCBuildConfiguration;
			buildSettings = {
				ASSETCATALOG_COMPILER_APPICON_NAME = AppIcon;
				ASSETCATALOG_COMPILER_GLOBAL_ACCENT_COLOR_NAME = AccentColor;
				CODE_SIGN_STYLE = Automatic;
				CURRENT_PROJECT_VERSION = 1;
				DEVELOPMENT_TEAM = X68SSV5C7D;
				GENERATE_INFOPLIST_FILE = YES;
				INFOPLIST_FILE = LifeContour/Info.plist;
				INFOPLIST_KEY_UIApplicationSupportsIndirectInputEvents = YES;
				INFOPLIST_KEY_UILaunchStoryboardName = LaunchScreen;
				INFOPLIST_KEY_UIMainStoryboardFile = Main;
				INFOPLIST_KEY_UISupportedInterfaceOrientations_iPad = "UIInterfaceOrientationPortrait UIInterfaceOrientationPortraitUpsideDown UIInterfaceOrientationLandscapeLeft UIInterfaceOrientationLandscapeRight";
				INFOPLIST_KEY_UISupportedInterfaceOrientations_iPhone = "UIInterfaceOrientationPortrait UIInterfaceOrientationLandscapeLeft UIInterfaceOrientationLandscapeRight";
				LD_RUNPATH_SEARCH_PATHS = (
					"$(inherited)",
					"@executable_path/Frameworks",
				);
				MARKETING_VERSION = 1.0;
				PRODUCT_BUNDLE_IDENTIFIER = "Lesi-Li.lifecontour";
				PRODUCT_NAME = "$(TARGET_NAME)";
				SWIFT_EMIT_LOC_STRINGS = YES;
				SWIFT_VERSION = 5.0;
				TARGETED_DEVICE_FAMILY = "1,2";
			};
			name = Release;
		};
/* End XCBuildConfiguration section */

/* Begin XCConfigurationList section */
		1561A05C280FA4CD007FA626 /* Build configuration list for PBXProject "lifecontour" */ = {
			isa = XCConfigurationList;
			buildConfigurations = (
				1561A073280FA4CE007FA626 /* Debug */,
				1561A074280FA4CE007FA626 /* Release */,
			);
			defaultConfigurationIsVisible = 0;
			defaultConfigurationName = Release;
		};
		1561A075280FA4CE007FA626 /* Build configuration list for PBXNativeTarget "lifecontour" */ = {
			isa = XCConfigurationList;
			buildConfigurations = (
				1561A076280FA4CE007FA626 /* Debug */,
				1561A077280FA4CE007FA626 /* Release */,
			);
			defaultConfigurationIsVisible = 0;
			defaultConfigurationName = Release;
		};
/* End XCConfigurationList section */
	};
	rootObject = 1561A059280FA4CD007FA626 /* Project object */;
}
